
Microsoft Visual Studio Solution File, Format Version 12.00
# Visual Studio Version 16
VisualStudioVersion = 16.0.30717.126
MinimumVisualStudioVersion = 10.0.40219.1
Project("{FAE04EC0-301F-11D3-BF4B-00C04F79EFBC}") = "laba1", "laba1.csproj", "{351233C6-2E79-47F3-BDDD-50BFFDF61720}"
EndProject
Global
	GlobalSection(SolutionConfigurationPlatforms) = preSolution
		Debug|Any CPU = Debug|Any CPU
		Release|Any CPU = Release|Any CPU
	EndGlobalSection
	GlobalSection(ProjectConfigurationPlatforms) = postSolution
		{351233C6-2E79-47F3-BDDD-50BFFDF61720}.Debug|Any CPU.ActiveCfg = Debug|Any CPU
		{351233C6-2E79-47F3-BDDD-50BFFDF61720}.Debug|Any CPU.Build.0 = Debug|Any CPU
		{351233C6-2E79-47F3-BDDD-50BFFDF61720}.Release|Any CPU.ActiveCfg = Release|Any CPU
		{351233C6-2E79-47F3-BDDD-50BFFDF61720}.Release|Any CPU.Build.0 = Release|Any CPU
	EndGlobalSection
	GlobalSection(SolutionProperties) = preSolution
		HideSolutionNode = FALSE
	EndGlobalSection
	GlobalSection(ExtensibilityGlobals) = postSolution
		SolutionGuid = {6FD5ACF0-2E36-4DFC-880F-55E0C493FA31}
	EndGlobalSection
EndGlobal
