
Microsoft Visual Studio Solution File, Format Version 12.00
# Visual Studio Version 16
VisualStudioVersion = 16.0.30717.126
MinimumVisualStudioVersion = 10.0.40219.1
Project("{FAE04EC0-301F-11D3-BF4B-00C04F79EFBC}") = "HelloWorldWPF", "HelloWorldWPF.csproj", "{E87AB4BF-2A0B-47B0-8EC0-7972006C55D1}"
EndProject
Global
	GlobalSection(SolutionConfigurationPlatforms) = preSolution
		Debug|Any CPU = Debug|Any CPU
		Release|Any CPU = Release|Any CPU
	EndGlobalSection
	GlobalSection(ProjectConfigurationPlatforms) = postSolution
		{E87AB4BF-2A0B-47B0-8EC0-7972006C55D1}.Debug|Any CPU.ActiveCfg = Debug|Any CPU
		{E87AB4BF-2A0B-47B0-8EC0-7972006C55D1}.Debug|Any CPU.Build.0 = Debug|Any CPU
		{E87AB4BF-2A0B-47B0-8EC0-7972006C55D1}.Release|Any CPU.ActiveCfg = Release|Any CPU
		{E87AB4BF-2A0B-47B0-8EC0-7972006C55D1}.Release|Any CPU.Build.0 = Release|Any CPU
	EndGlobalSection
	GlobalSection(SolutionProperties) = preSolution
		HideSolutionNode = FALSE
	EndGlobalSection
	GlobalSection(ExtensibilityGlobals) = postSolution
		SolutionGuid = {965B0161-3FFD-4E6F-9433-687444BC6128}
	EndGlobalSection
EndGlobal
